
Microsoft Visual Studio Solution File, Format Version 12.00
Project("{FAE04EC0-301F-11D3-BF4B-00C04F79EFBC}") = "Vpn.Services.Identity", "Vpn.Services.Identity\Vpn.Services.Identity.csproj", "{5F11208A-C20B-40CC-B150-34F4E7EB3532}"
EndProject
Project("{FAE04EC0-301F-11D3-BF4B-00C04F79EFBC}") = "Vpn.Web", "Vpn.Web\Vpn.Web.csproj", "{3D7A85D2-9B99-491A-B586-D95CAA42BCF3}"
EndProject
Project("{2150E333-8FDC-42A3-9474-1A3956D46DE8}") = "Services", "Services", "{83A193D3-D655-4BAC-A754-5DB9C2810199}"
EndProject
Project("{FAE04EC0-301F-11D3-BF4B-00C04F79EFBC}") = "Vpn.Services.ProductAPI", "Vpn.Services.ProductAPI\Vpn.Services.ProductAPI.csproj", "{7F2DC5FA-0310-4E2E-BE42-F99FB01DE71F}"
EndProject
Global
	GlobalSection(SolutionConfigurationPlatforms) = preSolution
		Debug|Any CPU = Debug|Any CPU
		Release|Any CPU = Release|Any CPU
	EndGlobalSection
	GlobalSection(ProjectConfigurationPlatforms) = postSolution
		{5F11208A-C20B-40CC-B150-34F4E7EB3532}.Debug|Any CPU.ActiveCfg = Debug|Any CPU
		{5F11208A-C20B-40CC-B150-34F4E7EB3532}.Debug|Any CPU.Build.0 = Debug|Any CPU
		{5F11208A-C20B-40CC-B150-34F4E7EB3532}.Release|Any CPU.ActiveCfg = Release|Any CPU
		{5F11208A-C20B-40CC-B150-34F4E7EB3532}.Release|Any CPU.Build.0 = Release|Any CPU
		{3D7A85D2-9B99-491A-B586-D95CAA42BCF3}.Debug|Any CPU.ActiveCfg = Debug|Any CPU
		{3D7A85D2-9B99-491A-B586-D95CAA42BCF3}.Debug|Any CPU.Build.0 = Debug|Any CPU
		{3D7A85D2-9B99-491A-B586-D95CAA42BCF3}.Release|Any CPU.ActiveCfg = Release|Any CPU
		{3D7A85D2-9B99-491A-B586-D95CAA42BCF3}.Release|Any CPU.Build.0 = Release|Any CPU
		{7F2DC5FA-0310-4E2E-BE42-F99FB01DE71F}.Debug|Any CPU.ActiveCfg = Debug|Any CPU
		{7F2DC5FA-0310-4E2E-BE42-F99FB01DE71F}.Debug|Any CPU.Build.0 = Debug|Any CPU
		{7F2DC5FA-0310-4E2E-BE42-F99FB01DE71F}.Release|Any CPU.ActiveCfg = Release|Any CPU
		{7F2DC5FA-0310-4E2E-BE42-F99FB01DE71F}.Release|Any CPU.Build.0 = Release|Any CPU
	EndGlobalSection
	GlobalSection(NestedProjects) = preSolution
		{5F11208A-C20B-40CC-B150-34F4E7EB3532} = {83A193D3-D655-4BAC-A754-5DB9C2810199}
		{7F2DC5FA-0310-4E2E-BE42-F99FB01DE71F} = {83A193D3-D655-4BAC-A754-5DB9C2810199}
	EndGlobalSection
EndGlobal
